
Microsoft Visual Studio Solution File, Format Version 12.00
# Visual Studio Version 16
VisualStudioVersion = 16.0.29926.136
MinimumVisualStudioVersion = 10.0.40219.1
Project("{FAE04EC0-301F-11D3-BF4B-00C04F79EFBC}") = "TipCalculator", "TipCalculator\TipCalculator.csproj", "{F0D994DF-3561-48AA-BB3F-D863C37CBFFD}"
EndProject
Global
	GlobalSection(SolutionConfigurationPlatforms) = preSolution
		Debug|Any CPU = Debug|Any CPU
		Release|Any CPU = Release|Any CPU
	EndGlobalSection
	GlobalSection(ProjectConfigurationPlatforms) = postSolution
		{F0D994DF-3561-48AA-BB3F-D863C37CBFFD}.Debug|Any CPU.ActiveCfg = Debug|Any CPU
		{F0D994DF-3561-48AA-BB3F-D863C37CBFFD}.Debug|Any CPU.Build.0 = Debug|Any CPU
		{F0D994DF-3561-48AA-BB3F-D863C37CBFFD}.Debug|Any CPU.Deploy.0 = Debug|Any CPU
		{F0D994DF-3561-48AA-BB3F-D863C37CBFFD}.Release|Any CPU.ActiveCfg = Release|Any CPU
		{F0D994DF-3561-48AA-BB3F-D863C37CBFFD}.Release|Any CPU.Build.0 = Release|Any CPU
		{F0D994DF-3561-48AA-BB3F-D863C37CBFFD}.Release|Any CPU.Deploy.0 = Release|Any CPU
	EndGlobalSection
	GlobalSection(SolutionProperties) = preSolution
		HideSolutionNode = FALSE
	EndGlobalSection
	GlobalSection(ExtensibilityGlobals) = postSolution
		SolutionGuid = {480ED7CE-6E77-44A8-8A54-729D2909B22F}
	EndGlobalSection
EndGlobal
